
Microsoft Visual Studio Solution File, Format Version 12.00
# Visual Studio Version 17
VisualStudioVersion = 17.11.35208.52
MinimumVisualStudioVersion = 10.0.40219.1
Project("{FAE04EC0-301F-11D3-BF4B-00C04F79EFBC}") = "ApplicationTrackerApp", "ApplicationTrackerApp\ApplicationTrackerApp.csproj", "{AA2F9B85-3DA7-4A95-B5E6-0388DE85334F}"
EndProject
Global
	GlobalSection(SolutionConfigurationPlatforms) = preSolution
		Debug|Any CPU = Debug|Any CPU
		Release|Any CPU = Release|Any CPU
	EndGlobalSection
	GlobalSection(ProjectConfigurationPlatforms) = postSolution
		{AA2F9B85-3DA7-4A95-B5E6-0388DE85334F}.Debug|Any CPU.ActiveCfg = Debug|Any CPU
		{AA2F9B85-3DA7-4A95-B5E6-0388DE85334F}.Debug|Any CPU.Build.0 = Debug|Any CPU
		{AA2F9B85-3DA7-4A95-B5E6-0388DE85334F}.Release|Any CPU.ActiveCfg = Release|Any CPU
		{AA2F9B85-3DA7-4A95-B5E6-0388DE85334F}.Release|Any CPU.Build.0 = Release|Any CPU
	EndGlobalSection
	GlobalSection(SolutionProperties) = preSolution
		HideSolutionNode = FALSE
	EndGlobalSection
	GlobalSection(ExtensibilityGlobals) = postSolution
		SolutionGuid = {820DF0F5-5F43-4EF7-9775-BB7BF1AE8DFF}
	EndGlobalSection
EndGlobal
